// !$*UTF8*$!
{
	archiveVersion = 1;
	classes = {
	};
	objectVersion = 60;
	objects = {

/* Begin PBXBuildFile section */
		253000000000000000000069 /* StockCharacter.swift in Sources */ = {isa = PBXBuildFile; fileRef = 253000000000000000000068 /* StockCharacter.swift */; };
		253000000000000000000067 /* EditorGestureTip.swift in Sources */ = {isa = PBXBuildFile; fileRef = 253000000000000000000066 /* EditorGestureTip.swift */; };
		253000000000000000000065 /* PresetUndoBanner.swift in Sources */ = {isa = PBXBuildFile; fileRef = 253000000000000000000064 /* PresetUndoBanner.swift */; };
		253000000000000000000063 /* EditorLookSnapshot.swift in Sources */ = {isa = PBXBuildFile; fileRef = 253000000000000000000062 /* EditorLookSnapshot.swift */; };
		253000000000000000000061 /* SinglePhotoPicker.swift in Sources */ = {isa = PBXBuildFile; fileRef = 253000000000000000000060 /* SinglePhotoPicker.swift */; };
		253000000000000000000043 /* EditorPickers.swift in Sources */ = {isa = PBXBuildFile; fileRef = 253000000000000000000042 /* EditorPickers.swift */; };
		253000000000000000000041 /* SettingsView.swift in Sources */ = {isa = PBXBuildFile; fileRef = 253000000000000000000040 /* SettingsView.swift */; };
		1658F61DFA296CDD54A13800 /* FilmApp.swift in Sources */ = {isa = PBXBuildFile; fileRef = F2554E3D1F229ED00B2F5308 /* FilmApp.swift */; };
		253000000000000000000002 /* PresetSheet.swift in Sources */ = {isa = PBXBuildFile; fileRef = 253000000000000000000001 /* PresetSheet.swift */; };
		253000000000000000000012 /* ContactSheetView.swift in Sources */ = {isa = PBXBuildFile; fileRef = 253000000000000000000011 /* ContactSheetView.swift */; };
		253000000000000000000014 /* Tokens.swift in Sources */ = {isa = PBXBuildFile; fileRef = 253000000000000000000013 /* Tokens.swift */; };
		253000000000000000000016 /* Surfaces.swift in Sources */ = {isa = PBXBuildFile; fileRef = 253000000000000000000015 /* Surfaces.swift */; };
		253000000000000000000018 /* Haptics.swift in Sources */ = {isa = PBXBuildFile; fileRef = 253000000000000000000017 /* Haptics.swift */; };
		25300000000000000000001B /* Parameter.swift in Sources */ = {isa = PBXBuildFile; fileRef = 25300000000000000000001A /* Parameter.swift */; };
		25300000000000000000001D /* EditorSelection.swift in Sources */ = {isa = PBXBuildFile; fileRef = 25300000000000000000001C /* EditorSelection.swift */; };
		25300000000000000000001F /* ParameterDial.swift in Sources */ = {isa = PBXBuildFile; fileRef = 25300000000000000000001E /* ParameterDial.swift */; };
		253000000000000000000021 /* DeckView.swift in Sources */ = {isa = PBXBuildFile; fileRef = 253000000000000000000020 /* DeckView.swift */; };
		253000000000000000000025 /* ActionRow.swift in Sources */ = {isa = PBXBuildFile; fileRef = 253000000000000000000024 /* ActionRow.swift */; };
		253000000000000000000027 /* ParameterRail.swift in Sources */ = {isa = PBXBuildFile; fileRef = 253000000000000000000026 /* ParameterRail.swift */; };
		253000000000000000000029 /* ActiveControl.swift in Sources */ = {isa = PBXBuildFile; fileRef = 253000000000000000000028 /* ActiveControl.swift */; };
		25300000000000000000002B /* ContrastFilterDiscs.swift in Sources */ = {isa = PBXBuildFile; fileRef = 25300000000000000000002A /* ContrastFilterDiscs.swift */; };
		25300000000000000000002D /* OutputStageCards.swift in Sources */ = {isa = PBXBuildFile; fileRef = 25300000000000000000002C /* OutputStageCards.swift */; };
		25300000000000000000002F /* ShutterDial.swift in Sources */ = {isa = PBXBuildFile; fileRef = 25300000000000000000002E /* ShutterDial.swift */; };
		253000000000000000000031 /* CanvasView.swift in Sources */ = {isa = PBXBuildFile; fileRef = 253000000000000000000030 /* CanvasView.swift */; };
		253000000000000000000033 /* EditorView.swift in Sources */ = {isa = PBXBuildFile; fileRef = 253000000000000000000032 /* EditorView.swift */; };
		253000000000000000000035 /* Filmstrip.swift in Sources */ = {isa = PBXBuildFile; fileRef = 253000000000000000000034 /* Filmstrip.swift */; };
		4C1E9A2B7D3F4E5A8B6C0D12 /* EditorModel.swift in Sources */ = {isa = PBXBuildFile; fileRef = 4C1E9A2B7D3F4E5A8B6C0D11 /* EditorModel.swift */; };
		4C1E9A2B7D3F4E5A8B6C0D14 /* ExportSheet.swift in Sources */ = {isa = PBXBuildFile; fileRef = 4C1E9A2B7D3F4E5A8B6C0D13 /* ExportSheet.swift */; };
		9B29201CD1B47CD85A406E75 /* FilmCanvas.swift in Sources */ = {isa = PBXBuildFile; fileRef = 635AD633AF697FB11F61C621 /* FilmCanvas.swift */; };
		9D062BAFFF17BA8B9A1215C4 /* FilmEngine in Frameworks */ = {isa = PBXBuildFile; productRef = E9FAD0C6CD43534327C0AF90 /* FilmEngine */; };
		253000000000000000000051 /* Legal.swift in Sources */ = {isa = PBXBuildFile; fileRef = 253000000000000000000050 /* Legal.swift */; };
		253000000000000000000057 /* UserFacingError.swift in Sources */ = {isa = PBXBuildFile; fileRef = 253000000000000000000056 /* UserFacingError.swift */; };
		253000000000000000000059 /* PresetStore.swift in Sources */ = {isa = PBXBuildFile; fileRef = 253000000000000000000058 /* PresetStore.swift */; };
		253000000000000000000053 /* Assets.xcassets in Resources */ = {isa = PBXBuildFile; fileRef = 253000000000000000000052 /* Assets.xcassets */; };
		253000000000000000000055 /* PrivacyInfo.xcprivacy in Resources */ = {isa = PBXBuildFile; fileRef = 253000000000000000000054 /* PrivacyInfo.xcprivacy */; };
/* End PBXBuildFile section */

/* Begin PBXFileReference section */
		253000000000000000000068 /* StockCharacter.swift */ = {isa = PBXFileReference; lastKnownFileType = sourcecode.swift; path = StockCharacter.swift; sourceTree = "<group>"; };
		253000000000000000000066 /* EditorGestureTip.swift */ = {isa = PBXFileReference; lastKnownFileType = sourcecode.swift; path = EditorGestureTip.swift; sourceTree = "<group>"; };
		253000000000000000000064 /* PresetUndoBanner.swift */ = {isa = PBXFileReference; lastKnownFileType = sourcecode.swift; path = PresetUndoBanner.swift; sourceTree = "<group>"; };
		253000000000000000000062 /* EditorLookSnapshot.swift */ = {isa = PBXFileReference; lastKnownFileType = sourcecode.swift; path = EditorLookSnapshot.swift; sourceTree = "<group>"; };
		253000000000000000000060 /* SinglePhotoPicker.swift */ = {isa = PBXFileReference; lastKnownFileType = sourcecode.swift; path = SinglePhotoPicker.swift; sourceTree = "<group>"; };
		253000000000000000000042 /* EditorPickers.swift */ = {isa = PBXFileReference; lastKnownFileType = sourcecode.swift; path = EditorPickers.swift; sourceTree = "<group>"; };
		253000000000000000000040 /* SettingsView.swift */ = {isa = PBXFileReference; lastKnownFileType = sourcecode.swift; path = SettingsView.swift; sourceTree = "<group>"; };
		253000000000000000000001 /* PresetSheet.swift */ = {isa = PBXFileReference; lastKnownFileType = sourcecode.swift; path = PresetSheet.swift; sourceTree = "<group>"; };
		253000000000000000000011 /* ContactSheetView.swift */ = {isa = PBXFileReference; lastKnownFileType = sourcecode.swift; path = ContactSheetView.swift; sourceTree = "<group>"; };
		253000000000000000000013 /* Tokens.swift */ = {isa = PBXFileReference; lastKnownFileType = sourcecode.swift; path = Tokens.swift; sourceTree = "<group>"; };
		253000000000000000000015 /* Surfaces.swift */ = {isa = PBXFileReference; lastKnownFileType = sourcecode.swift; path = Surfaces.swift; sourceTree = "<group>"; };
		253000000000000000000017 /* Haptics.swift */ = {isa = PBXFileReference; lastKnownFileType = sourcecode.swift; path = Haptics.swift; sourceTree = "<group>"; };
		25300000000000000000001A /* Parameter.swift */ = {isa = PBXFileReference; lastKnownFileType = sourcecode.swift; path = Parameter.swift; sourceTree = "<group>"; };
		25300000000000000000001C /* EditorSelection.swift */ = {isa = PBXFileReference; lastKnownFileType = sourcecode.swift; path = EditorSelection.swift; sourceTree = "<group>"; };
		25300000000000000000001E /* ParameterDial.swift */ = {isa = PBXFileReference; lastKnownFileType = sourcecode.swift; path = ParameterDial.swift; sourceTree = "<group>"; };
		253000000000000000000020 /* DeckView.swift */ = {isa = PBXFileReference; lastKnownFileType = sourcecode.swift; path = DeckView.swift; sourceTree = "<group>"; };
		253000000000000000000024 /* ActionRow.swift */ = {isa = PBXFileReference; lastKnownFileType = sourcecode.swift; path = ActionRow.swift; sourceTree = "<group>"; };
		253000000000000000000026 /* ParameterRail.swift */ = {isa = PBXFileReference; lastKnownFileType = sourcecode.swift; path = ParameterRail.swift; sourceTree = "<group>"; };
		253000000000000000000028 /* ActiveControl.swift */ = {isa = PBXFileReference; lastKnownFileType = sourcecode.swift; path = ActiveControl.swift; sourceTree = "<group>"; };
		25300000000000000000002A /* ContrastFilterDiscs.swift */ = {isa = PBXFileReference; lastKnownFileType = sourcecode.swift; path = ContrastFilterDiscs.swift; sourceTree = "<group>"; };
		25300000000000000000002C /* OutputStageCards.swift */ = {isa = PBXFileReference; lastKnownFileType = sourcecode.swift; path = OutputStageCards.swift; sourceTree = "<group>"; };
		25300000000000000000002E /* ShutterDial.swift */ = {isa = PBXFileReference; lastKnownFileType = sourcecode.swift; path = ShutterDial.swift; sourceTree = "<group>"; };
		253000000000000000000030 /* CanvasView.swift */ = {isa = PBXFileReference; lastKnownFileType = sourcecode.swift; path = CanvasView.swift; sourceTree = "<group>"; };
		253000000000000000000032 /* EditorView.swift */ = {isa = PBXFileReference; lastKnownFileType = sourcecode.swift; path = EditorView.swift; sourceTree = "<group>"; };
		253000000000000000000034 /* Filmstrip.swift */ = {isa = PBXFileReference; lastKnownFileType = sourcecode.swift; path = Filmstrip.swift; sourceTree = "<group>"; };
		253000000000000000000050 /* Legal.swift */ = {isa = PBXFileReference; lastKnownFileType = sourcecode.swift; path = Legal.swift; sourceTree = "<group>"; };
		253000000000000000000056 /* UserFacingError.swift */ = {isa = PBXFileReference; lastKnownFileType = sourcecode.swift; path = UserFacingError.swift; sourceTree = "<group>"; };
		253000000000000000000058 /* PresetStore.swift */ = {isa = PBXFileReference; lastKnownFileType = sourcecode.swift; path = PresetStore.swift; sourceTree = "<group>"; };
		253000000000000000000052 /* Assets.xcassets */ = {isa = PBXFileReference; lastKnownFileType = folder.assetcatalog; path = Assets.xcassets; sourceTree = "<group>"; };
		253000000000000000000054 /* PrivacyInfo.xcprivacy */ = {isa = PBXFileReference; lastKnownFileType = text.plist.xml; path = PrivacyInfo.xcprivacy; sourceTree = "<group>"; };
		25300000000000000000005A /* Info.plist */ = {isa = PBXFileReference; lastKnownFileType = text.plist.xml; path = Info.plist; sourceTree = "<group>"; };
		38A007151ABE87CC01A5B6E9 /* FilmApp.app */ = {isa = PBXFileReference; explicitFileType = wrapper.application; path = FilmApp.app; sourceTree = BUILT_PRODUCTS_DIR; };
		4C1E9A2B7D3F4E5A8B6C0D11 /* EditorModel.swift */ = {isa = PBXFileReference; lastKnownFileType = sourcecode.swift; path = EditorModel.swift; sourceTree = "<group>"; };
		4C1E9A2B7D3F4E5A8B6C0D13 /* ExportSheet.swift */ = {isa = PBXFileReference; lastKnownFileType = sourcecode.swift; path = ExportSheet.swift; sourceTree = "<group>"; };
		635AD633AF697FB11F61C621 /* FilmCanvas.swift */ = {isa = PBXFileReference; lastKnownFileType = sourcecode.swift; path = FilmCanvas.swift; sourceTree = "<group>"; };
		F2554E3D1F229ED00B2F5308 /* FilmApp.swift */ = {isa = PBXFileReference; lastKnownFileType = sourcecode.swift; path = FilmApp.swift; sourceTree = "<group>"; };
/* End PBXFileReference section */

/* Begin PBXFrameworksBuildPhase section */
		7561BFB015D8F536760CB671 /* Frameworks */ = {
			isa = PBXFrameworksBuildPhase;
			buildActionMask = 2147483647;
			files = (
				9D062BAFFF17BA8B9A1215C4 /* FilmEngine in Frameworks */,
			);
			runOnlyForDeploymentPostprocessing = 0;
		};
/* End PBXFrameworksBuildPhase section */

/* Begin PBXGroup section */
		253000000000000000000019 /* Design */ = {
			isa = PBXGroup;
			children = (
				253000000000000000000013 /* Tokens.swift */,
				253000000000000000000015 /* Surfaces.swift */,
				253000000000000000000017 /* Haptics.swift */,
			);
			path = Design;
			sourceTree = "<group>";
		};
		253000000000000000000036 /* Editor */ = {
			isa = PBXGroup;
			children = (
				25300000000000000000001A /* Parameter.swift */,
				25300000000000000000001C /* EditorSelection.swift */,
				25300000000000000000001E /* ParameterDial.swift */,
				253000000000000000000042 /* EditorPickers.swift */,
				253000000000000000000020 /* DeckView.swift */,
				253000000000000000000024 /* ActionRow.swift */,
				253000000000000000000026 /* ParameterRail.swift */,
				253000000000000000000028 /* ActiveControl.swift */,
				25300000000000000000002A /* ContrastFilterDiscs.swift */,
				25300000000000000000002C /* OutputStageCards.swift */,
				25300000000000000000002E /* ShutterDial.swift */,
				253000000000000000000030 /* CanvasView.swift */,
				253000000000000000000032 /* EditorView.swift */,
				253000000000000000000060 /* SinglePhotoPicker.swift */,
				253000000000000000000068 /* StockCharacter.swift */,
				253000000000000000000066 /* EditorGestureTip.swift */,
				253000000000000000000064 /* PresetUndoBanner.swift */,
				253000000000000000000062 /* EditorLookSnapshot.swift */,
				253000000000000000000034 /* Filmstrip.swift */,
			);
			path = Editor;
			sourceTree = "<group>";
		};
		3A2A88DEEFF3D1D23E496597 /* FilmApp */ = {
			isa = PBXGroup;
			children = (
				253000000000000000000019 /* Design */,
				253000000000000000000036 /* Editor */,
				253000000000000000000011 /* ContactSheetView.swift */,
				253000000000000000000040 /* SettingsView.swift */,
				253000000000000000000001 /* PresetSheet.swift */,
				F2554E3D1F229ED00B2F5308 /* FilmApp.swift */,
				635AD633AF697FB11F61C621 /* FilmCanvas.swift */,
				4C1E9A2B7D3F4E5A8B6C0D11 /* EditorModel.swift */,
				4C1E9A2B7D3F4E5A8B6C0D13 /* ExportSheet.swift */,
				253000000000000000000050 /* Legal.swift */,
				253000000000000000000056 /* UserFacingError.swift */,
				253000000000000000000058 /* PresetStore.swift */,
				253000000000000000000052 /* Assets.xcassets */,
				253000000000000000000054 /* PrivacyInfo.xcprivacy */,
				25300000000000000000005A /* Info.plist */,
			);
			path = FilmApp;
			sourceTree = "<group>";
		};
		DC76E9F0C0006E8F919E0C51 = {
			isa = PBXGroup;
			children = (
				3A2A88DEEFF3D1D23E496597 /* FilmApp */,
				FBDC4F23F93125BBEEAE800C /* Products */,
			);
			sourceTree = "<group>";
		};
		FBDC4F23F93125BBEEAE800C /* Products */ = {
			isa = PBXGroup;
			children = (
				38A007151ABE87CC01A5B6E9 /* FilmApp.app */,
			);
			name = Products;
			sourceTree = "<group>";
		};
/* End PBXGroup section */

/* Begin PBXNativeTarget section */
		0E8A3AD980EC179856012B7E /* FilmApp */ = {
			isa = PBXNativeTarget;
			buildConfigurationList = C57128001CE614BF8549D6BB /* Build configuration list for PBXNativeTarget "FilmApp" */;
			buildPhases = (
				BCE16DD0260827ECF338C787 /* Sources */,
				7561BFB015D8F536760CB671 /* Frameworks */,
				0189424A5A60FED329FA868E /* Resources */,
			);
			buildRules = (
			);
			dependencies = (
			);
			name = FilmApp;
			packageProductDependencies = (
				E9FAD0C6CD43534327C0AF90 /* FilmEngine */,
			);
			productName = FilmApp;
			productReference = 38A007151ABE87CC01A5B6E9 /* FilmApp.app */;
			productType = "com.apple.product-type.application";
		};
/* End PBXNativeTarget section */

/* Begin PBXProject section */
		98F54143AB4E86B28C3AFEE0 /* Project object */ = {
			isa = PBXProject;
			attributes = {
				LastUpgradeCheck = 2660;
			};
			buildConfigurationList = 862894B703A6DEDF96A9DD6C /* Build configuration list for PBXProject "FilmApp" */;
			compatibilityVersion = "Xcode 14.0";
			developmentRegion = en;
			hasScannedForEncodings = 0;
			knownRegions = (
				en,
				Base,
			);
			mainGroup = DC76E9F0C0006E8F919E0C51;
			packageReferences = (
				582681C2EAE02B3F3D399C0C /* XCLocalSwiftPackageReference "." */,
			);
			productRefGroup = FBDC4F23F93125BBEEAE800C /* Products */;
			projectDirPath = "";
			projectRoot = "";
			targets = (
				0E8A3AD980EC179856012B7E /* FilmApp */,
			);
		};
/* End PBXProject section */

/* Begin PBXResourcesBuildPhase section */
		0189424A5A60FED329FA868E /* Resources */ = {
			isa = PBXResourcesBuildPhase;
			buildActionMask = 2147483647;
			files = (
				253000000000000000000053 /* Assets.xcassets in Resources */,
				253000000000000000000055 /* PrivacyInfo.xcprivacy in Resources */,
			);
			runOnlyForDeploymentPostprocessing = 0;
		};
/* End PBXResourcesBuildPhase section */

/* Begin PBXSourcesBuildPhase section */
		BCE16DD0260827ECF338C787 /* Sources */ = {
			isa = PBXSourcesBuildPhase;
			buildActionMask = 2147483647;
			files = (
				253000000000000000000014 /* Tokens.swift in Sources */,
				253000000000000000000016 /* Surfaces.swift in Sources */,
				253000000000000000000018 /* Haptics.swift in Sources */,
				25300000000000000000001B /* Parameter.swift in Sources */,
				25300000000000000000001D /* EditorSelection.swift in Sources */,
				25300000000000000000001F /* ParameterDial.swift in Sources */,
				253000000000000000000043 /* EditorPickers.swift in Sources */,
				253000000000000000000021 /* DeckView.swift in Sources */,
				253000000000000000000025 /* ActionRow.swift in Sources */,
				253000000000000000000027 /* ParameterRail.swift in Sources */,
				253000000000000000000029 /* ActiveControl.swift in Sources */,
				25300000000000000000002B /* ContrastFilterDiscs.swift in Sources */,
				25300000000000000000002D /* OutputStageCards.swift in Sources */,
				25300000000000000000002F /* ShutterDial.swift in Sources */,
				253000000000000000000031 /* CanvasView.swift in Sources */,
				253000000000000000000033 /* EditorView.swift in Sources */,
				253000000000000000000061 /* SinglePhotoPicker.swift in Sources */,
				253000000000000000000069 /* StockCharacter.swift in Sources */,
				253000000000000000000067 /* EditorGestureTip.swift in Sources */,
				253000000000000000000065 /* PresetUndoBanner.swift in Sources */,
				253000000000000000000063 /* EditorLookSnapshot.swift in Sources */,
				253000000000000000000035 /* Filmstrip.swift in Sources */,
				253000000000000000000012 /* ContactSheetView.swift in Sources */,
				253000000000000000000041 /* SettingsView.swift in Sources */,
				253000000000000000000002 /* PresetSheet.swift in Sources */,
				1658F61DFA296CDD54A13800 /* FilmApp.swift in Sources */,
				9B29201CD1B47CD85A406E75 /* FilmCanvas.swift in Sources */,
				253000000000000000000051 /* Legal.swift in Sources */,
				253000000000000000000057 /* UserFacingError.swift in Sources */,
				253000000000000000000059 /* PresetStore.swift in Sources */,
				4C1E9A2B7D3F4E5A8B6C0D12 /* EditorModel.swift in Sources */,
				4C1E9A2B7D3F4E5A8B6C0D14 /* ExportSheet.swift in Sources */,
			);
			runOnlyForDeploymentPostprocessing = 0;
		};
/* End PBXSourcesBuildPhase section */

/* Begin XCBuildConfiguration section */
		639A7CA24D39909E713B47F7 /* Release */ = {
			isa = XCBuildConfiguration;
			buildSettings = {
				ASSETCATALOG_COMPILER_APPICON_NAME = AppIcon;
				ASSETCATALOG_COMPILER_GLOBAL_ACCENT_COLOR_NAME = AccentColor;
				CLANG_ENABLE_MODULES = YES;
				CODE_SIGN_STYLE = Automatic;
				CURRENT_PROJECT_VERSION = 1;
				DEVELOPMENT_TEAM = X76BWPRADX;
				GENERATE_INFOPLIST_FILE = YES;
				INFOPLIST_KEY_CFBundleDisplayName = Dye;
				INFOPLIST_KEY_ITSAppUsesNonExemptEncryption = NO;
				INFOPLIST_KEY_LSApplicationCategoryType = "public.app-category.photography";
				INFOPLIST_KEY_NSPhotoLibraryAddUsageDescription = "Dye saves your exported photos to your photo library.";
				INFOPLIST_KEY_UIApplicationSceneManifest_Generation = YES;
				INFOPLIST_FILE = FilmApp/Info.plist;
				INFOPLIST_KEY_UIRequiredDeviceCapabilities = metal;
				INFOPLIST_KEY_UISupportedInterfaceOrientations_iPhone = "UIInterfaceOrientationPortrait UIInterfaceOrientationLandscapeLeft UIInterfaceOrientationLandscapeRight";
				IPHONEOS_DEPLOYMENT_TARGET = 17.0;
				MARKETING_VERSION = 1.0;
				PRODUCT_BUNDLE_IDENTIFIER = app.memoji.dye;
				PRODUCT_NAME = "$(TARGET_NAME)";
				SDKROOT = iphoneos;
				SUPPORTED_PLATFORMS = "iphoneos iphonesimulator";
				DEBUG_INFORMATION_FORMAT = "dwarf-with-dsym";
				SWIFT_OPTIMIZATION_LEVEL = "-O";
				SWIFT_STRICT_CONCURRENCY = complete;
				SWIFT_VERSION = 6.0;
				TARGETED_DEVICE_FAMILY = 1;
			};
			name = Release;
		};
		7082CC0B6FC1282FCEABD07A /* Debug */ = {
			isa = XCBuildConfiguration;
			buildSettings = {
				ASSETCATALOG_COMPILER_APPICON_NAME = AppIcon;
				ASSETCATALOG_COMPILER_GLOBAL_ACCENT_COLOR_NAME = AccentColor;
				CLANG_ENABLE_MODULES = YES;
				CODE_SIGN_STYLE = Automatic;
				CURRENT_PROJECT_VERSION = 1;
				DEVELOPMENT_TEAM = X76BWPRADX;
				GENERATE_INFOPLIST_FILE = YES;
				INFOPLIST_KEY_CFBundleDisplayName = Dye;
				INFOPLIST_KEY_ITSAppUsesNonExemptEncryption = NO;
				INFOPLIST_KEY_LSApplicationCategoryType = "public.app-category.photography";
				INFOPLIST_KEY_NSPhotoLibraryAddUsageDescription = "Dye saves your exported photos to your photo library.";
				INFOPLIST_KEY_UIApplicationSceneManifest_Generation = YES;
				INFOPLIST_FILE = FilmApp/Info.plist;
				INFOPLIST_KEY_UIRequiredDeviceCapabilities = metal;
				INFOPLIST_KEY_UISupportedInterfaceOrientations_iPhone = "UIInterfaceOrientationPortrait UIInterfaceOrientationLandscapeLeft UIInterfaceOrientationLandscapeRight";
				IPHONEOS_DEPLOYMENT_TARGET = 17.0;
				MARKETING_VERSION = 1.0;
				PRODUCT_BUNDLE_IDENTIFIER = app.memoji.dye;
				PRODUCT_NAME = "$(TARGET_NAME)";
				SDKROOT = iphoneos;
				SUPPORTED_PLATFORMS = "iphoneos iphonesimulator";
				SWIFT_OPTIMIZATION_LEVEL = "-Onone";
				SWIFT_STRICT_CONCURRENCY = complete;
				SWIFT_VERSION = 6.0;
				TARGETED_DEVICE_FAMILY = 1;
			};
			name = Debug;
		};
		89E1FD6268CC0F221A2BE178 /* Debug */ = {
			isa = XCBuildConfiguration;
			buildSettings = {
				CLANG_ENABLE_MODULES = YES;
				IPHONEOS_DEPLOYMENT_TARGET = 17.0;
				SDKROOT = iphoneos;
				SWIFT_STRICT_CONCURRENCY = complete;
				SWIFT_VERSION = 6.0;
			};
			name = Debug;
		};
		E6DE6C99132752C914FEF632 /* Release */ = {
			isa = XCBuildConfiguration;
			buildSettings = {
				CLANG_ENABLE_MODULES = YES;
				IPHONEOS_DEPLOYMENT_TARGET = 17.0;
				SDKROOT = iphoneos;
				SWIFT_STRICT_CONCURRENCY = complete;
				SWIFT_VERSION = 6.0;
			};
			name = Release;
		};
/* End XCBuildConfiguration section */

/* Begin XCConfigurationList section */
		862894B703A6DEDF96A9DD6C /* Build configuration list for PBXProject "FilmApp" */ = {
			isa = XCConfigurationList;
			buildConfigurations = (
				89E1FD6268CC0F221A2BE178 /* Debug */,
				E6DE6C99132752C914FEF632 /* Release */,
			);
			defaultConfigurationIsVisible = 0;
			defaultConfigurationName = Release;
		};
		C57128001CE614BF8549D6BB /* Build configuration list for PBXNativeTarget "FilmApp" */ = {
			isa = XCConfigurationList;
			buildConfigurations = (
				7082CC0B6FC1282FCEABD07A /* Debug */,
				639A7CA24D39909E713B47F7 /* Release */,
			);
			defaultConfigurationIsVisible = 0;
			defaultConfigurationName = Release;
		};
/* End XCConfigurationList section */

/* Begin XCLocalSwiftPackageReference section */
		582681C2EAE02B3F3D399C0C /* XCLocalSwiftPackageReference "." */ = {
			isa = XCLocalSwiftPackageReference;
			relativePath = .;
		};
/* End XCLocalSwiftPackageReference section */

/* Begin XCSwiftPackageProductDependency section */
		E9FAD0C6CD43534327C0AF90 /* FilmEngine */ = {
			isa = XCSwiftPackageProductDependency;
			package = 582681C2EAE02B3F3D399C0C /* XCLocalSwiftPackageReference "." */;
			productName = FilmEngine;
		};
/* End XCSwiftPackageProductDependency section */
	};
	rootObject = 98F54143AB4E86B28C3AFEE0 /* Project object */;
}
